// !$*UTF8*$!
{
	archiveVersion = 1;
	classes = {
	};
	objectVersion = 50;
	objects = {

/* Begin PBXBuildFile section */
		49BF48AA2189CD74000DF9FB /* AppDelegate.swift in Sources */ = {isa = PBXBuildFile; fileRef = 49BF48A92189CD74000DF9FB /* AppDelegate.swift */; };
		49BF48AC2189CD74000DF9FB /* ViewController.swift in Sources */ = {isa = PBXBuildFile; fileRef = 49BF48AB2189CD74000DF9FB /* ViewController.swift */; };
		49BF48AE2189CD76000DF9FB /* Assets.xcassets in Resources */ = {isa = PBXBuildFile; fileRef = 49BF48AD2189CD76000DF9FB /* Assets.xcassets */; };
		49BF48B12189CD76000DF9FB /* Main.storyboard in Resources */ = {isa = PBXBuildFile; fileRef = 49BF48AF2189CD76000DF9FB /* Main.storyboard */; };
		49BF48D7218C76EC000DF9FB /* sample.mp4 in Resources */ = {isa = PBXBuildFile; fileRef = 49BF48D6218C7585000DF9FB /* sample.mp4 */; };
/* End PBXBuildFile section */

/* Begin PBXFileReference section */
		49BF48A62189CD74000DF9FB /* MusicalDataSorting.app */ = {isa = PBXFileReference; explicitFileType = wrapper.application; includeInIndex = 0; path = MusicalDataSorting.app; sourceTree = BUILT_PRODUCTS_DIR; };
		49BF48A92189CD74000DF9FB /* AppDelegate.swift */ = {isa = PBXFileReference; lastKnownFileType = sourcecode.swift; path = AppDelegate.swift; sourceTree = "<group>"; };
		49BF48AB2189CD74000DF9FB /* ViewController.swift */ = {isa = PBXFileReference; lastKnownFileType = sourcecode.swift; path = ViewController.swift; sourceTree = "<group>"; };
		49BF48AD2189CD76000DF9FB /* Assets.xcassets */ = {isa = PBXFileReference; lastKnownFileType = folder.assetcatalog; path = Assets.xcassets; sourceTree = "<group>"; };
		49BF48B02189CD76000DF9FB /* Base */ = {isa = PBXFileReference; lastKnownFileType = file.storyboard; name = Base; path = Base.lproj/Main.storyboard; sourceTree = "<group>"; };
		49BF48B22189CD76000DF9FB /* Info.plist */ = {isa = PBXFileReference; lastKnownFileType = text.plist.xml; path = Info.plist; sourceTree = "<group>"; };
		49BF48B32189CD76000DF9FB /* MusicalDataSorting.entitlements */ = {isa = PBXFileReference; lastKnownFileType = text.plist.entitlements; path = MusicalDataSorting.entitlements; sourceTree = "<group>"; };
		49BF48D6218C7585000DF9FB /* sample.mp4 */ = {isa = PBXFileReference; lastKnownFileType = file; path = sample.mp4; sourceTree = "<group>"; };
/* End PBXFileReference section */

/* Begin PBXFrameworksBuildPhase section */
		49BF48A32189CD74000DF9FB /* Frameworks */ = {
			isa = PBXFrameworksBuildPhase;
			buildActionMask = 2147483647;
			files = (
			);
			runOnlyForDeploymentPostprocessing = 0;
		};
/* End PBXFrameworksBuildPhase section */

/* Begin PBXGroup section */
		49BF489D2189CD74000DF9FB = {
			isa = PBXGroup;
			children = (
				49BF48A82189CD74000DF9FB /* MusicalDataSorting */,
				49BF48A72189CD74000DF9FB /* Products */,
			);
			sourceTree = "<group>";
		};
		49BF48A72189CD74000DF9FB /* Products */ = {
			isa = PBXGroup;
			children = (
				49BF48A62189CD74000DF9FB /* MusicalDataSorting.app */,
			);
			name = Products;
			sourceTree = "<group>";
		};
		49BF48A82189CD74000DF9FB /* MusicalDataSorting */ = {
			isa = PBXGroup;
			children = (
				49BF48A92189CD74000DF9FB /* AppDelegate.swift */,
				49BF48AB2189CD74000DF9FB /* ViewController.swift */,
				49BF48AD2189CD76000DF9FB /* Assets.xcassets */,
				49BF48AF2189CD76000DF9FB /* Main.storyboard */,
				49BF48B22189CD76000DF9FB /* Info.plist */,
				49BF48B32189CD76000DF9FB /* MusicalDataSorting.entitlements */,
				49BF48D5218C7569000DF9FB /* Sounds */,
			);
			path = MusicalDataSorting;
			sourceTree = "<group>";
		};
		49BF48D5218C7569000DF9FB /* Sounds */ = {
			isa = PBXGroup;
			children = (
				49BF48D6218C7585000DF9FB /* sample.mp4 */,
			);
			path = Sounds;
			sourceTree = "<group>";
		};
/* End PBXGroup section */

/* Begin PBXNativeTarget section */
		49BF48A52189CD74000DF9FB /* MusicalDataSorting */ = {
			isa = PBXNativeTarget;
			buildConfigurationList = 49BF48CC2189CD76000DF9FB /* Build configuration list for PBXNativeTarget "MusicalDataSorting" */;
			buildPhases = (
				49BF48A22189CD74000DF9FB /* Sources */,
				49BF48A32189CD74000DF9FB /* Frameworks */,
				49BF48A42189CD74000DF9FB /* Resources */,
			);
			buildRules = (
			);
			dependencies = (
			);
			name = MusicalDataSorting;
			productName = MusicalDataSorting;
			productReference = 49BF48A62189CD74000DF9FB /* MusicalDataSorting.app */;
			productType = "com.apple.product-type.application";
		};
/* End PBXNativeTarget section */

/* Begin PBXProject section */
		49BF489E2189CD74000DF9FB /* Project object */ = {
			isa = PBXProject;
			attributes = {
				LastSwiftUpdateCheck = 1000;
				LastUpgradeCheck = 1000;
				ORGANIZATIONNAME = Andrew;
				TargetAttributes = {
					49BF48A52189CD74000DF9FB = {
						CreatedOnToolsVersion = 10.0;
					};
				};
			};
			buildConfigurationList = 49BF48A12189CD74000DF9FB /* Build configuration list for PBXProject "MusicalDataSorting" */;
			compatibilityVersion = "Xcode 9.3";
			developmentRegion = en;
			hasScannedForEncodings = 0;
			knownRegions = (
				en,
				Base,
			);
			mainGroup = 49BF489D2189CD74000DF9FB;
			productRefGroup = 49BF48A72189CD74000DF9FB /* Products */;
			projectDirPath = "";
			projectRoot = "";
			targets = (
				49BF48A52189CD74000DF9FB /* MusicalDataSorting */,
			);
		};
/* End PBXProject section */

/* Begin PBXResourcesBuildPhase section */
		49BF48A42189CD74000DF9FB /* Resources */ = {
			isa = PBXResourcesBuildPhase;
			buildActionMask = 2147483647;
			files = (
				49BF48D7218C76EC000DF9FB /* sample.mp4 in Resources */,
				49BF48AE2189CD76000DF9FB /* Assets.xcassets in Resources */,
				49BF48B12189CD76000DF9FB /* Main.storyboard in Resources */,
			);
			runOnlyForDeploymentPostprocessing = 0;
		};
/* End PBXResourcesBuildPhase section */

/* Begin PBXSourcesBuildPhase section */
		49BF48A22189CD74000DF9FB /* Sources */ = {
			isa = PBXSourcesBuildPhase;
			buildActionMask = 2147483647;
			files = (
				49BF48AC2189CD74000DF9FB /* ViewController.swift in Sources */,
				49BF48AA2189CD74000DF9FB /* AppDelegate.swift in Sources */,
			);
			runOnlyForDeploymentPostprocessing = 0;
		};
/* End PBXSourcesBuildPhase section */

/* Begin PBXVariantGroup section */
		49BF48AF2189CD76000DF9FB /* Main.storyboard */ = {
			isa = PBXVariantGroup;
			children = (
				49BF48B02189CD76000DF9FB /* Base */,
			);
			name = Main.storyboard;
			sourceTree = "<group>";
		};
/* End PBXVariantGroup section */

/* Begin XCBuildConfiguration section */
		49BF48CA2189CD76000DF9FB /* Debug */ = {
			isa = XCBuildConfiguration;
			buildSettings = {
				ALWAYS_SEARCH_USER_PATHS = NO;
				CLANG_ANALYZER_NONNULL = YES;
				CLANG_ANALYZER_NUMBER_OBJECT_CONVERSION = YES_AGGRESSIVE;
				CLANG_CXX_LANGUAGE_STANDARD = "gnu++14";
				CLANG_CXX_LIBRARY = "libc++";
				CLANG_ENABLE_MODULES = YES;
				CLANG_ENABLE_OBJC_ARC = YES;
				CLANG_ENABLE_OBJC_WEAK = YES;
				CLANG_WARN_BLOCK_CAPTURE_AUTORELEASING = YES;
				CLANG_WARN_BOOL_CONVERSION = YES;
				CLANG_WARN_COMMA = YES;
				CLANG_WARN_CONSTANT_CONVERSION = YES;
				CLANG_WARN_DEPRECATED_OBJC_IMPLEMENTATIONS = YES;
				CLANG_WARN_DIRECT_OBJC_ISA_USAGE = YES_ERROR;
				CLANG_WARN_DOCUMENTATION_COMMENTS = YES;
				CLANG_WARN_EMPTY_BODY = YES;
				CLANG_WARN_ENUM_CONVERSION = YES;
				CLANG_WARN_INFINITE_RECURSION = YES;
				CLANG_WARN_INT_CONVERSION = YES;
				CLANG_WARN_NON_LITERAL_NULL_CONVERSION = YES;
				CLANG_WARN_OBJC_IMPLICIT_RETAIN_SELF = YES;
				CLANG_WARN_OBJC_LITERAL_CONVERSION = YES;
				CLANG_WARN_OBJC_ROOT_CLASS = YES_ERROR;
				CLANG_WARN_RANGE_LOOP_ANALYSIS = YES;
				CLANG_WARN_STRICT_PROTOTYPES = YES;
				CLANG_WARN_SUSPICIOUS_MOVE = YES;
				CLANG_WARN_UNGUARDED_AVAILABILITY = YES_AGGRESSIVE;
				CLANG_WARN_UNREACHABLE_CODE = YES;
				CLANG_WARN__DUPLICATE_METHOD_MATCH = YES;
				CODE_SIGN_IDENTITY = "-";
				COPY_PHASE_STRIP = NO;
				DEBUG_INFORMATION_FORMAT = dwarf;
				ENABLE_STRICT_OBJC_MSGSEND = YES;
				ENABLE_TESTABILITY = YES;
				GCC_C_LANGUAGE_STANDARD = gnu11;
				GCC_DYNAMIC_NO_PIC = NO;
				GCC_NO_COMMON_BLOCKS = YES;
				GCC_OPTIMIZATION_LEVEL = 0;
				GCC_PREPROCESSOR_DEFINITIONS = (
					"DEBUG=1",
					"$(inherited)",
				);
				GCC_WARN_64_TO_32_BIT_CONVERSION = YES;
				GCC_WARN_ABOUT_RETURN_TYPE = YES_ERROR;
				GCC_WARN_UNDECLARED_SELECTOR = YES;
				GCC_WARN_UNINITIALIZED_AUTOS = YES_AGGRESSIVE;
				GCC_WARN_UNUSED_FUNCTION = YES;
				GCC_WARN_UNUSED_VARIABLE = YES;
				MACOSX_DEPLOYMENT_TARGET = 10.14;
				MTL_ENABLE_DEBUG_INFO = INCLUDE_SOURCE;
				MTL_FAST_MATH = YES;
				ONLY_ACTIVE_ARCH = YES;
				SDKROOT = macosx;
				SWIFT_ACTIVE_COMPILATION_CONDITIONS = DEBUG;
				SWIFT_OPTIMIZATION_LEVEL = "-Onone";
			};
			name = Debug;
		};
		49BF48CB2189CD76000DF9FB /* Release */ = {
			isa = XCBuildConfiguration;
			buildSettings = {
				ALWAYS_SEARCH_USER_PATHS = NO;
				CLANG_ANALYZER_NONNULL = YES;
				CLANG_ANALYZER_NUMBER_OBJECT_CONVERSION = YES_AGGRESSIVE;
				CLANG_CXX_LANGUAGE_STANDARD = "gnu++14";
				CLANG_CXX_LIBRARY = "libc++";
				CLANG_ENABLE_MODULES = YES;
				CLANG_ENABLE_OBJC_ARC = YES;
				CLANG_ENABLE_OBJC_WEAK = YES;
				CLANG_WARN_BLOCK_CAPTURE_AUTORELEASING = YES;
				CLANG_WARN_BOOL_CONVERSION = YES;
				CLANG_WARN_COMMA = YES;
				CLANG_WARN_CONSTANT_CONVERSION = YES;
				CLANG_WARN_DEPRECATED_OBJC_IMPLEMENTATIONS = YES;
				CLANG_WARN_DIRECT_OBJC_ISA_USAGE = YES_ERROR;
				CLANG_WARN_DOCUMENTATION_COMMENTS = YES;
				CLANG_WARN_EMPTY_BODY = YES;
				CLANG_WARN_ENUM_CONVERSION = YES;
				CLANG_WARN_INFINITE_RECURSION = YES;
				CLANG_WARN_INT_CONVERSION = YES;
				CLANG_WARN_NON_LITERAL_NULL_CONVERSION = YES;
				CLANG_WARN_OBJC_IMPLICIT_RETAIN_SELF = YES;
				CLANG_WARN_OBJC_LITERAL_CONVERSION = YES;
				CLANG_WARN_OBJC_ROOT_CLASS = YES_ERROR;
				CLANG_WARN_RANGE_LOOP_ANALYSIS = YES;
				CLANG_WARN_STRICT_PROTOTYPES = YES;
				CLANG_WARN_SUSPICIOUS_MOVE = YES;
				CLANG_WARN_UNGUARDED_AVAILABILITY = YES_AGGRESSIVE;
				CLANG_WARN_UNREACHABLE_CODE = YES;
				CLANG_WARN__DUPLICATE_METHOD_MATCH = YES;
				CODE_SIGN_IDENTITY = "-";
				COPY_PHASE_STRIP = NO;
				DEBUG_INFORMATION_FORMAT = "dwarf-with-dsym";
				ENABLE_NS_ASSERTIONS = NO;
				ENABLE_STRICT_OBJC_MSGSEND = YES;
				GCC_C_LANGUAGE_STANDARD = gnu11;
				GCC_NO_COMMON_BLOCKS = YES;
				GCC_WARN_64_TO_32_BIT_CONVERSION = YES;
				GCC_WARN_ABOUT_RETURN_TYPE = YES_ERROR;
				GCC_WARN_UNDECLARED_SELECTOR = YES;
				GCC_WARN_UNINITIALIZED_AUTOS = YES_AGGRESSIVE;
				GCC_WARN_UNUSED_FUNCTION = YES;
				GCC_WARN_UNUSED_VARIABLE = YES;
				MACOSX_DEPLOYMENT_TARGET = 10.14;
				MTL_ENABLE_DEBUG_INFO = NO;
				MTL_FAST_MATH = YES;
				SDKROOT = macosx;
				SWIFT_COMPILATION_MODE = wholemodule;
				SWIFT_OPTIMIZATION_LEVEL = "-O";
			};
			name = Release;
		};
		49BF48CD2189CD76000DF9FB /* Debug */ = {
			isa = XCBuildConfiguration;
			buildSettings = {
				ASSETCATALOG_COMPILER_APPICON_NAME = AppIcon;
				CODE_SIGN_ENTITLEMENTS = MusicalDataSorting/MusicalDataSorting.entitlements;
				CODE_SIGN_STYLE = Automatic;
				COMBINE_HIDPI_IMAGES = YES;
				INFOPLIST_FILE = MusicalDataSorting/Info.plist;
				LD_RUNPATH_SEARCH_PATHS = (
					"$(inherited)",
					"@executable_path/../Frameworks",
				);
				PRODUCT_BUNDLE_IDENTIFIER = Andrew.MusicalDataSorting;
				PRODUCT_NAME = "$(TARGET_NAME)";
				SWIFT_VERSION = 4.2;
			};
			name = Debug;
		};
		49BF48CE2189CD76000DF9FB /* Release */ = {
			isa = XCBuildConfiguration;
			buildSettings = {
				ASSETCATALOG_COMPILER_APPICON_NAME = AppIcon;
				CODE_SIGN_ENTITLEMENTS = MusicalDataSorting/MusicalDataSorting.entitlements;
				CODE_SIGN_STYLE = Automatic;
				COMBINE_HIDPI_IMAGES = YES;
				INFOPLIST_FILE = MusicalDataSorting/Info.plist;
				LD_RUNPATH_SEARCH_PATHS = (
					"$(inherited)",
					"@executable_path/../Frameworks",
				);
				PRODUCT_BUNDLE_IDENTIFIER = Andrew.MusicalDataSorting;
				PRODUCT_NAME = "$(TARGET_NAME)";
				SWIFT_VERSION = 4.2;
			};
			name = Release;
		};
/* End XCBuildConfiguration section */

/* Begin XCConfigurationList section */
		49BF48A12189CD74000DF9FB /* Build configuration list for PBXProject "MusicalDataSorting" */ = {
			isa = XCConfigurationList;
			buildConfigurations = (
				49BF48CA2189CD76000DF9FB /* Debug */,
				49BF48CB2189CD76000DF9FB /* Release */,
			);
			defaultConfigurationIsVisible = 0;
			defaultConfigurationName = Release;
		};
		49BF48CC2189CD76000DF9FB /* Build configuration list for PBXNativeTarget "MusicalDataSorting" */ = {
			isa = XCConfigurationList;
			buildConfigurations = (
				49BF48CD2189CD76000DF9FB /* Debug */,
				49BF48CE2189CD76000DF9FB /* Release */,
			);
			defaultConfigurationIsVisible = 0;
			defaultConfigurationName = Release;
		};
/* End XCConfigurationList section */
	};
	rootObject = 49BF489E2189CD74000DF9FB /* Project object */;
}
